
Microsoft Visual Studio Solution File, Format Version 12.00
# Visual Studio Version 17
VisualStudioVersion = 17.8.34330.188
MinimumVisualStudioVersion = 10.0.40219.1
Project("{FAE04EC0-301F-11D3-BF4B-00C04F79EFBC}") = "VTYS_PROJE", "VTYS_PROJE\VTYS_PROJE.csproj", "{CA2827A2-56CF-482A-B693-7C22653E5DEE}"
EndProject
Global
	GlobalSection(SolutionConfigurationPlatforms) = preSolution
		Debug|Any CPU = Debug|Any CPU
		Release|Any CPU = Release|Any CPU
	EndGlobalSection
	GlobalSection(ProjectConfigurationPlatforms) = postSolution
		{CA2827A2-56CF-482A-B693-7C22653E5DEE}.Debug|Any CPU.ActiveCfg = Debug|Any CPU
		{CA2827A2-56CF-482A-B693-7C22653E5DEE}.Debug|Any CPU.Build.0 = Debug|Any CPU
		{CA2827A2-56CF-482A-B693-7C22653E5DEE}.Release|Any CPU.ActiveCfg = Release|Any CPU
		{CA2827A2-56CF-482A-B693-7C22653E5DEE}.Release|Any CPU.Build.0 = Release|Any CPU
	EndGlobalSection
	GlobalSection(SolutionProperties) = preSolution
		HideSolutionNode = FALSE
	EndGlobalSection
	GlobalSection(ExtensibilityGlobals) = postSolution
		SolutionGuid = {9F3188C1-D9CB-4DC5-B521-A0191A4FDAD6}
	EndGlobalSection
EndGlobal
